
Microsoft Visual Studio Solution File, Format Version 12.00
Project("{FAE04EC0-301F-11D3-BF4B-00C04F79EFBC}") = "TestApp", "TestApp\TestApp.csproj", "{ABA61807-709E-4B3C-8782-79E37C4DD38B}"
EndProject
Project("{FAE04EC0-301F-11D3-BF4B-00C04F79EFBC}") = "Tests", "Tests\Tests.csproj", "{F4641B2C-7672-42ED-99F0-DD165D88EEAE}"
EndProject
Global
	GlobalSection(SolutionConfigurationPlatforms) = preSolution
		Debug|Any CPU = Debug|Any CPU
		Release|Any CPU = Release|Any CPU
	EndGlobalSection
	GlobalSection(ProjectConfigurationPlatforms) = postSolution
		{ABA61807-709E-4B3C-8782-79E37C4DD38B}.Debug|Any CPU.ActiveCfg = Debug|Any CPU
		{ABA61807-709E-4B3C-8782-79E37C4DD38B}.Debug|Any CPU.Build.0 = Debug|Any CPU
		{ABA61807-709E-4B3C-8782-79E37C4DD38B}.Release|Any CPU.ActiveCfg = Release|Any CPU
		{ABA61807-709E-4B3C-8782-79E37C4DD38B}.Release|Any CPU.Build.0 = Release|Any CPU
		{F4641B2C-7672-42ED-99F0-DD165D88EEAE}.Debug|Any CPU.ActiveCfg = Debug|Any CPU
		{F4641B2C-7672-42ED-99F0-DD165D88EEAE}.Debug|Any CPU.Build.0 = Debug|Any CPU
		{F4641B2C-7672-42ED-99F0-DD165D88EEAE}.Release|Any CPU.ActiveCfg = Release|Any CPU
		{F4641B2C-7672-42ED-99F0-DD165D88EEAE}.Release|Any CPU.Build.0 = Release|Any CPU
	EndGlobalSection
EndGlobal
